
Microsoft Visual Studio Solution File, Format Version 12.00
# Visual Studio Version 17
VisualStudioVersion = 17.0.31903.59
MinimumVisualStudioVersion = 10.0.40219.1
Project("{FAE04EC0-301F-11D3-BF4B-00C04F79EFBC}") = "PantryPro.Core", "PantryPro.Core\PantryPro.Core.csproj", "{CE776DE6-69CF-4A7C-B6C8-998FB9DF1690}"
EndProject
Project("{FAE04EC0-301F-11D3-BF4B-00C04F79EFBC}") = "PantryPro.Infrastructure", "PantryPro.Infrastructure\PantryPro.Infrastructure.csproj", "{9B51001A-A0E0-4E80-BE5B-151E7879A878}"
EndProject
Project("{FAE04EC0-301F-11D3-BF4B-00C04F79EFBC}") = "PantryPro.Web", "PantryPro.Web\PantryPro.Web.csproj", "{FED60239-B743-49CF-95D1-9C14F14E3DD7}"
EndProject
Project("{FAE04EC0-301F-11D3-BF4B-00C04F79EFBC}") = "PantryPro.Tests", "PantryPro.Tests\PantryPro.Tests.csproj", "{7F8BFB09-2AF4-4F02-9928-2447AA048121}"
EndProject
Project("{FAE04EC0-301F-11D3-BF4B-00C04F79EFBC}") = "PantryPro.AI", "PantryPro.AI\PantryPro.AI.csproj", "{1979ACC7-2CBB-4DC4-9597-BA85AC44BF86}"
EndProject
Project("{FAE04EC0-301F-11D3-BF4B-00C04F79EFBC}") = "PantryPro.ExternalAPIs", "PantryPro.ExternalAPIs\PantryPro.ExternalAPIs.csproj", "{F9D26AAA-2943-4F11-85D6-BFF31DADD436}"
EndProject
Project("{FAE04EC0-301F-11D3-BF4B-00C04F79EFBC}") = "PantryPro.Shared", "PantryPro.Shared\PantryPro.Shared.csproj", "{DD1D92C1-A2DD-499D-801E-65068C18AA19}"
EndProject
Global
	GlobalSection(SolutionConfigurationPlatforms) = preSolution
		Debug|Any CPU = Debug|Any CPU
		Debug|x64 = Debug|x64
		Debug|x86 = Debug|x86
		Release|Any CPU = Release|Any CPU
		Release|x64 = Release|x64
		Release|x86 = Release|x86
	EndGlobalSection
	GlobalSection(ProjectConfigurationPlatforms) = postSolution
		{CE776DE6-69CF-4A7C-B6C8-998FB9DF1690}.Debug|Any CPU.ActiveCfg = Debug|Any CPU
		{CE776DE6-69CF-4A7C-B6C8-998FB9DF1690}.Debug|Any CPU.Build.0 = Debug|Any CPU
		{CE776DE6-69CF-4A7C-B6C8-998FB9DF1690}.Debug|x64.ActiveCfg = Debug|Any CPU
		{CE776DE6-69CF-4A7C-B6C8-998FB9DF1690}.Debug|x64.Build.0 = Debug|Any CPU
		{CE776DE6-69CF-4A7C-B6C8-998FB9DF1690}.Debug|x86.ActiveCfg = Debug|Any CPU
		{CE776DE6-69CF-4A7C-B6C8-998FB9DF1690}.Debug|x86.Build.0 = Debug|Any CPU
		{CE776DE6-69CF-4A7C-B6C8-998FB9DF1690}.Release|Any CPU.ActiveCfg = Release|Any CPU
		{CE776DE6-69CF-4A7C-B6C8-998FB9DF1690}.Release|Any CPU.Build.0 = Release|Any CPU
		{CE776DE6-69CF-4A7C-B6C8-998FB9DF1690}.Release|x64.ActiveCfg = Release|Any CPU
		{CE776DE6-69CF-4A7C-B6C8-998FB9DF1690}.Release|x64.Build.0 = Release|Any CPU
		{CE776DE6-69CF-4A7C-B6C8-998FB9DF1690}.Release|x86.ActiveCfg = Release|Any CPU
		{CE776DE6-69CF-4A7C-B6C8-998FB9DF1690}.Release|x86.Build.0 = Release|Any CPU
		{9B51001A-A0E0-4E80-BE5B-151E7879A878}.Debug|Any CPU.ActiveCfg = Debug|Any CPU
		{9B51001A-A0E0-4E80-BE5B-151E7879A878}.Debug|Any CPU.Build.0 = Debug|Any CPU
		{9B51001A-A0E0-4E80-BE5B-151E7879A878}.Debug|x64.ActiveCfg = Debug|Any CPU
		{9B51001A-A0E0-4E80-BE5B-151E7879A878}.Debug|x64.Build.0 = Debug|Any CPU
		{9B51001A-A0E0-4E80-BE5B-151E7879A878}.Debug|x86.ActiveCfg = Debug|Any CPU
		{9B51001A-A0E0-4E80-BE5B-151E7879A878}.Debug|x86.Build.0 = Debug|Any CPU
		{9B51001A-A0E0-4E80-BE5B-151E7879A878}.Release|Any CPU.ActiveCfg = Release|Any CPU
		{9B51001A-A0E0-4E80-BE5B-151E7879A878}.Release|Any CPU.Build.0 = Release|Any CPU
		{9B51001A-A0E0-4E80-BE5B-151E7879A878}.Release|x64.ActiveCfg = Release|Any CPU
		{9B51001A-A0E0-4E80-BE5B-151E7879A878}.Release|x64.Build.0 = Release|Any CPU
		{9B51001A-A0E0-4E80-BE5B-151E7879A878}.Release|x86.ActiveCfg = Release|Any CPU
		{9B51001A-A0E0-4E80-BE5B-151E7879A878}.Release|x86.Build.0 = Release|Any CPU
		{FED60239-B743-49CF-95D1-9C14F14E3DD7}.Debug|Any CPU.ActiveCfg = Debug|Any CPU
		{FED60239-B743-49CF-95D1-9C14F14E3DD7}.Debug|Any CPU.Build.0 = Debug|Any CPU
		{FED60239-B743-49CF-95D1-9C14F14E3DD7}.Debug|x64.ActiveCfg = Debug|Any CPU
		{FED60239-B743-49CF-95D1-9C14F14E3DD7}.Debug|x64.Build.0 = Debug|Any CPU
		{FED60239-B743-49CF-95D1-9C14F14E3DD7}.Debug|x86.ActiveCfg = Debug|Any CPU
		{FED60239-B743-49CF-95D1-9C14F14E3DD7}.Debug|x86.Build.0 = Debug|Any CPU
		{FED60239-B743-49CF-95D1-9C14F14E3DD7}.Release|Any CPU.ActiveCfg = Release|Any CPU
		{FED60239-B743-49CF-95D1-9C14F14E3DD7}.Release|Any CPU.Build.0 = Release|Any CPU
		{FED60239-B743-49CF-95D1-9C14F14E3DD7}.Release|x64.ActiveCfg = Release|Any CPU
		{FED60239-B743-49CF-95D1-9C14F14E3DD7}.Release|x64.Build.0 = Release|Any CPU
		{FED60239-B743-49CF-95D1-9C14F14E3DD7}.Release|x86.ActiveCfg = Release|Any CPU
		{FED60239-B743-49CF-95D1-9C14F14E3DD7}.Release|x86.Build.0 = Release|Any CPU
		{7F8BFB09-2AF4-4F02-9928-2447AA048121}.Debug|Any CPU.ActiveCfg = Debug|Any CPU
		{7F8BFB09-2AF4-4F02-9928-2447AA048121}.Debug|Any CPU.Build.0 = Debug|Any CPU
		{7F8BFB09-2AF4-4F02-9928-2447AA048121}.Debug|x64.ActiveCfg = Debug|Any CPU
		{7F8BFB09-2AF4-4F02-9928-2447AA048121}.Debug|x64.Build.0 = Debug|Any CPU
		{7F8BFB09-2AF4-4F02-9928-2447AA048121}.Debug|x86.ActiveCfg = Debug|Any CPU
		{7F8BFB09-2AF4-4F02-9928-2447AA048121}.Debug|x86.Build.0 = Debug|Any CPU
		{7F8BFB09-2AF4-4F02-9928-2447AA048121}.Release|Any CPU.ActiveCfg = Release|Any CPU
		{7F8BFB09-2AF4-4F02-9928-2447AA048121}.Release|Any CPU.Build.0 = Release|Any CPU
		{7F8BFB09-2AF4-4F02-9928-2447AA048121}.Release|x64.ActiveCfg = Release|Any CPU
		{7F8BFB09-2AF4-4F02-9928-2447AA048121}.Release|x64.Build.0 = Release|Any CPU
		{7F8BFB09-2AF4-4F02-9928-2447AA048121}.Release|x86.ActiveCfg = Release|Any CPU
		{7F8BFB09-2AF4-4F02-9928-2447AA048121}.Release|x86.Build.0 = Release|Any CPU
		{1979ACC7-2CBB-4DC4-9597-BA85AC44BF86}.Debug|Any CPU.ActiveCfg = Debug|Any CPU
		{1979ACC7-2CBB-4DC4-9597-BA85AC44BF86}.Debug|Any CPU.Build.0 = Debug|Any CPU
		{1979ACC7-2CBB-4DC4-9597-BA85AC44BF86}.Debug|x64.ActiveCfg = Debug|Any CPU
		{1979ACC7-2CBB-4DC4-9597-BA85AC44BF86}.Debug|x64.Build.0 = Debug|Any CPU
		{1979ACC7-2CBB-4DC4-9597-BA85AC44BF86}.Debug|x86.ActiveCfg = Debug|Any CPU
		{1979ACC7-2CBB-4DC4-9597-BA85AC44BF86}.Debug|x86.Build.0 = Debug|Any CPU
		{1979ACC7-2CBB-4DC4-9597-BA85AC44BF86}.Release|Any CPU.ActiveCfg = Release|Any CPU
		{1979ACC7-2CBB-4DC4-9597-BA85AC44BF86}.Release|Any CPU.Build.0 = Release|Any CPU
		{1979ACC7-2CBB-4DC4-9597-BA85AC44BF86}.Release|x64.ActiveCfg = Release|Any CPU
		{1979ACC7-2CBB-4DC4-9597-BA85AC44BF86}.Release|x64.Build.0 = Release|Any CPU
		{1979ACC7-2CBB-4DC4-9597-BA85AC44BF86}.Release|x86.ActiveCfg = Release|Any CPU
		{1979ACC7-2CBB-4DC4-9597-BA85AC44BF86}.Release|x86.Build.0 = Release|Any CPU
		{F9D26AAA-2943-4F11-85D6-BFF31DADD436}.Debug|Any CPU.ActiveCfg = Debug|Any CPU
		{F9D26AAA-2943-4F11-85D6-BFF31DADD436}.Debug|Any CPU.Build.0 = Debug|Any CPU
		{F9D26AAA-2943-4F11-85D6-BFF31DADD436}.Debug|x64.ActiveCfg = Debug|Any CPU
		{F9D26AAA-2943-4F11-85D6-BFF31DADD436}.Debug|x64.Build.0 = Debug|Any CPU
		{F9D26AAA-2943-4F11-85D6-BFF31DADD436}.Debug|x86.ActiveCfg = Debug|Any CPU
		{F9D26AAA-2943-4F11-85D6-BFF31DADD436}.Debug|x86.Build.0 = Debug|Any CPU
		{F9D26AAA-2943-4F11-85D6-BFF31DADD436}.Release|Any CPU.ActiveCfg = Release|Any CPU
		{F9D26AAA-2943-4F11-85D6-BFF31DADD436}.Release|Any CPU.Build.0 = Release|Any CPU
		{F9D26AAA-2943-4F11-85D6-BFF31DADD436}.Release|x64.ActiveCfg = Release|Any CPU
		{F9D26AAA-2943-4F11-85D6-BFF31DADD436}.Release|x64.Build.0 = Release|Any CPU
		{F9D26AAA-2943-4F11-85D6-BFF31DADD436}.Release|x86.ActiveCfg = Release|Any CPU
		{F9D26AAA-2943-4F11-85D6-BFF31DADD436}.Release|x86.Build.0 = Release|Any CPU
		{DD1D92C1-A2DD-499D-801E-65068C18AA19}.Debug|Any CPU.ActiveCfg = Debug|Any CPU
		{DD1D92C1-A2DD-499D-801E-65068C18AA19}.Debug|Any CPU.Build.0 = Debug|Any CPU
		{DD1D92C1-A2DD-499D-801E-65068C18AA19}.Debug|x64.ActiveCfg = Debug|Any CPU
		{DD1D92C1-A2DD-499D-801E-65068C18AA19}.Debug|x64.Build.0 = Debug|Any CPU
		{DD1D92C1-A2DD-499D-801E-65068C18AA19}.Debug|x86.ActiveCfg = Debug|Any CPU
		{DD1D92C1-A2DD-499D-801E-65068C18AA19}.Debug|x86.Build.0 = Debug|Any CPU
		{DD1D92C1-A2DD-499D-801E-65068C18AA19}.Release|Any CPU.ActiveCfg = Release|Any CPU
		{DD1D92C1-A2DD-499D-801E-65068C18AA19}.Release|Any CPU.Build.0 = Release|Any CPU
		{DD1D92C1-A2DD-499D-801E-65068C18AA19}.Release|x64.ActiveCfg = Release|Any CPU
		{DD1D92C1-A2DD-499D-801E-65068C18AA19}.Release|x64.Build.0 = Release|Any CPU
		{DD1D92C1-A2DD-499D-801E-65068C18AA19}.Release|x86.ActiveCfg = Release|Any CPU
		{DD1D92C1-A2DD-499D-801E-65068C18AA19}.Release|x86.Build.0 = Release|Any CPU
	EndGlobalSection
	GlobalSection(SolutionProperties) = preSolution
		HideSolutionNode = FALSE
	EndGlobalSection
EndGlobal
